
Microsoft Visual Studio Solution File, Format Version 12.00
# Visual Studio 15
VisualStudioVersion = 15.0.27428.2037
MinimumVisualStudioVersion = 10.0.40219.1
Project("{FAE04EC0-301F-11D3-BF4B-00C04F79EFBC}") = "PSS_WebApi", "PSS_WebApi\PSS_WebApi.csproj", "{D35BABBD-4158-4372-917B-D46DA7851F76}"
EndProject
Global
	GlobalSection(SolutionConfigurationPlatforms) = preSolution
		Debug|Any CPU = Debug|Any CPU
		Release|Any CPU = Release|Any CPU
	EndGlobalSection
	GlobalSection(ProjectConfigurationPlatforms) = postSolution
		{D35BABBD-4158-4372-917B-D46DA7851F76}.Debug|Any CPU.ActiveCfg = Debug|Any CPU
		{D35BABBD-4158-4372-917B-D46DA7851F76}.Debug|Any CPU.Build.0 = Debug|Any CPU
		{D35BABBD-4158-4372-917B-D46DA7851F76}.Release|Any CPU.ActiveCfg = Release|Any CPU
		{D35BABBD-4158-4372-917B-D46DA7851F76}.Release|Any CPU.Build.0 = Release|Any CPU
	EndGlobalSection
	GlobalSection(SolutionProperties) = preSolution
		HideSolutionNode = FALSE
	EndGlobalSection
	GlobalSection(ExtensibilityGlobals) = postSolution
		SolutionGuid = {F72C73D8-72F4-4A60-9673-BC4500B5FA2A}
	EndGlobalSection
EndGlobal
